Microsoft Visual Studio Solution File, Format Version 12.00
# Visual Studio Version 17
VisualStudioVersion = 17.5.2.0
MinimumVisualStudioVersion = 10.0.40219.1
Project("{FAE04EC0-301F-11D3-BF4B-00C04F79EFBC}") = "killall", "killall.csproj", "{8054DB02-B83F-C599-C573-D8AD988C2F6E}"
EndProject
Global
	GlobalSection(SolutionConfigurationPlatforms) = preSolution
		Debug|Any CPU = Debug|Any CPU
		Release|Any CPU = Release|Any CPU
	EndGlobalSection
	GlobalSection(ProjectConfigurationPlatforms) = postSolution
		{8054DB02-B83F-C599-C573-D8AD988C2F6E}.Debug|Any CPU.ActiveCfg = Debug|Any CPU
		{8054DB02-B83F-C599-C573-D8AD988C2F6E}.Debug|Any CPU.Build.0 = Debug|Any CPU
		{8054DB02-B83F-C599-C573-D8AD988C2F6E}.Release|Any CPU.ActiveCfg = Release|Any CPU
		{8054DB02-B83F-C599-C573-D8AD988C2F6E}.Release|Any CPU.Build.0 = Release|Any CPU
	EndGlobalSection
	GlobalSection(SolutionProperties) = preSolution
		HideSolutionNode = FALSE
	EndGlobalSection
	GlobalSection(ExtensibilityGlobals) = postSolution
		SolutionGuid = {4CD340BE-74C5-4D25-B2F2-EAFBD752882E}
	EndGlobalSection
EndGlobal
